// !$*UTF8*$!
{
	archiveVersion = 1;
	classes = {
	};
	objectVersion = 51;
	objects = {

/* Begin PBXBuildFile section */
		B9920CB624B09E1500896341 /* AppDelegate.swift in Sources */ = {isa = PBXBuildFile; fileRef = B9920CB524B09E1500896341 /* AppDelegate.swift */; };
		B9920CB824B09E1500896341 /* SceneDelegate.swift in Sources */ = {isa = PBXBuildFile; fileRef = B9920CB724B09E1500896341 /* SceneDelegate.swift */; };
		B9920CBA24B09E1500896341 /* TodoListViewController.swift in Sources */ = {isa = PBXBuildFile; fileRef = B9920CB924B09E1500896341 /* TodoListViewController.swift */; };
		B9920CBD24B09E1500896341 /* Main.storyboard in Resources */ = {isa = PBXBuildFile; fileRef = B9920CBB24B09E1500896341 /* Main.storyboard */; };
		B9920CBF24B09E1800896341 /* Assets.xcassets in Resources */ = {isa = PBXBuildFile; fileRef = B9920CBE24B09E1800896341 /* Assets.xcassets */; };
		B9920CC224B09E1800896341 /* LaunchScreen.storyboard in Resources */ = {isa = PBXBuildFile; fileRef = B9920CC024B09E1800896341 /* LaunchScreen.storyboard */; };
		B9920CF824B8413600896341 /* CategoryViewController.swift in Sources */ = {isa = PBXBuildFile; fileRef = B9920CF724B8413600896341 /* CategoryViewController.swift */; };
		B9920CFC24B8515100896341 /* Item.swift in Sources */ = {isa = PBXBuildFile; fileRef = B9920CFB24B8515100896341 /* Item.swift */; };
		B9920CFE24B8515800896341 /* Category.swift in Sources */ = {isa = PBXBuildFile; fileRef = B9920CFD24B8515800896341 /* Category.swift */; };
		C05BE14FD9D0E12E87C716F8 /* Pods_TODO.framework in Frameworks */ = {isa = PBXBuildFile; fileRef = 812189FB0A555AC04A603ACC /* Pods_TODO.framework */; };
/* End PBXBuildFile section */

/* Begin PBXFileReference section */
		028B9F8253B342C4E53A673A /* Pods-TODO.release.xcconfig */ = {isa = PBXFileReference; includeInIndex = 1; lastKnownFileType = text.xcconfig; name = "Pods-TODO.release.xcconfig"; path = "Target Support Files/Pods-TODO/Pods-TODO.release.xcconfig"; sourceTree = "<group>"; };
		812189FB0A555AC04A603ACC /* Pods_TODO.framework */ = {isa = PBXFileReference; explicitFileType = wrapper.framework; includeInIndex = 0; path = Pods_TODO.framework; sourceTree = BUILT_PRODUCTS_DIR; };
		B9920CB224B09E1500896341 /* TODO.app */ = {isa = PBXFileReference; explicitFileType = wrapper.application; includeInIndex = 0; path = TODO.app; sourceTree = BUILT_PRODUCTS_DIR; };
		B9920CB524B09E1500896341 /* AppDelegate.swift */ = {isa = PBXFileReference; lastKnownFileType = sourcecode.swift; path = AppDelegate.swift; sourceTree = "<group>"; };
		B9920CB724B09E1500896341 /* SceneDelegate.swift */ = {isa = PBXFileReference; lastKnownFileType = sourcecode.swift; path = SceneDelegate.swift; sourceTree = "<group>"; };
		B9920CB924B09E1500896341 /* TodoListViewController.swift */ = {isa = PBXFileReference; lastKnownFileType = sourcecode.swift; path = TodoListViewController.swift; sourceTree = "<group>"; };
		B9920CBC24B09E1500896341 /* Base */ = {isa = PBXFileReference; lastKnownFileType = file.storyboard; name = Base; path = Base.lproj/Main.storyboard; sourceTree = "<group>"; };
		B9920CBE24B09E1800896341 /* Assets.xcassets */ = {isa = PBXFileReference; lastKnownFileType = folder.assetcatalog; path = Assets.xcassets; sourceTree = "<group>"; };
		B9920CC124B09E1800896341 /* Base */ = {isa = PBXFileReference; lastKnownFileType = file.storyboard; name = Base; path = Base.lproj/LaunchScreen.storyboard; sourceTree = "<group>"; };
		B9920CC324B09E1800896341 /* Info.plist */ = {isa = PBXFileReference; lastKnownFileType = text.plist.xml; path = Info.plist; sourceTree = "<group>"; };
		B9920CF724B8413600896341 /* CategoryViewController.swift */ = {isa = PBXFileReference; lastKnownFileType = sourcecode.swift; path = CategoryViewController.swift; sourceTree = "<group>"; };
		B9920CFB24B8515100896341 /* Item.swift */ = {isa = PBXFileReference; lastKnownFileType = sourcecode.swift; path = Item.swift; sourceTree = "<group>"; };
		B9920CFD24B8515800896341 /* Category.swift */ = {isa = PBXFileReference; lastKnownFileType = sourcecode.swift; path = Category.swift; sourceTree = "<group>"; };
		F2FB35B3AA4A70A0A7679A65 /* Pods-TODO.debug.xcconfig */ = {isa = PBXFileReference; includeInIndex = 1; lastKnownFileType = text.xcconfig; name = "Pods-TODO.debug.xcconfig"; path = "Target Support Files/Pods-TODO/Pods-TODO.debug.xcconfig"; sourceTree = "<group>"; };
/* End PBXFileReference section */

/* Begin PBXFrameworksBuildPhase section */
		B9920CAF24B09E1500896341 /* Frameworks */ = {
			isa = PBXFrameworksBuildPhase;
			buildActionMask = 2147483647;
			files = (
				C05BE14FD9D0E12E87C716F8 /* Pods_TODO.framework in Frameworks */,
			);
			runOnlyForDeploymentPostprocessing = 0;
		};
/* End PBXFrameworksBuildPhase section */

/* Begin PBXGroup section */
		66390DF3DAFF52D84F5AFDEE /* Pods */ = {
			isa = PBXGroup;
			children = (
				F2FB35B3AA4A70A0A7679A65 /* Pods-TODO.debug.xcconfig */,
				028B9F8253B342C4E53A673A /* Pods-TODO.release.xcconfig */,
			);
			path = Pods;
			sourceTree = "<group>";
		};
		B9920CA924B09E1500896341 = {
			isa = PBXGroup;
			children = (
				B9920CB424B09E1500896341 /* TODO */,
				B9920CB324B09E1500896341 /* Products */,
				66390DF3DAFF52D84F5AFDEE /* Pods */,
				FF91C90D7E1586A52A93785E /* Frameworks */,
			);
			sourceTree = "<group>";
		};
		B9920CB324B09E1500896341 /* Products */ = {
			isa = PBXGroup;
			children = (
				B9920CB224B09E1500896341 /* TODO.app */,
			);
			name = Products;
			sourceTree = "<group>";
		};
		B9920CB424B09E1500896341 /* TODO */ = {
			isa = PBXGroup;
			children = (
				B9920CB524B09E1500896341 /* AppDelegate.swift */,
				B9920CB724B09E1500896341 /* SceneDelegate.swift */,
				B9920CCC24B0E8B500896341 /* Controllers */,
				B9920CCB24B0E89100896341 /* Data Model */,
				B9920CCD24B0E8CF00896341 /* Views */,
				B9920CCE24B0E8F600896341 /* Supporting Files */,
				B9920CC324B09E1800896341 /* Info.plist */,
			);
			path = TODO;
			sourceTree = "<group>";
		};
		B9920CCB24B0E89100896341 /* Data Model */ = {
			isa = PBXGroup;
			children = (
				B9920CFB24B8515100896341 /* Item.swift */,
				B9920CFD24B8515800896341 /* Category.swift */,
			);
			path = "Data Model";
			sourceTree = "<group>";
		};
		B9920CCC24B0E8B500896341 /* Controllers */ = {
			isa = PBXGroup;
			children = (
				B9920CF724B8413600896341 /* CategoryViewController.swift */,
				B9920CB924B09E1500896341 /* TodoListViewController.swift */,
			);
			path = Controllers;
			sourceTree = "<group>";
		};
		B9920CCD24B0E8CF00896341 /* Views */ = {
			isa = PBXGroup;
			children = (
				B9920CBB24B09E1500896341 /* Main.storyboard */,
			);
			path = Views;
			sourceTree = "<group>";
		};
		B9920CCE24B0E8F600896341 /* Supporting Files */ = {
			isa = PBXGroup;
			children = (
				B9920CC024B09E1800896341 /* LaunchScreen.storyboard */,
				B9920CBE24B09E1800896341 /* Assets.xcassets */,
			);
			path = "Supporting Files";
			sourceTree = "<group>";
		};
		FF91C90D7E1586A52A93785E /* Frameworks */ = {
			isa = PBXGroup;
			children = (
				812189FB0A555AC04A603ACC /* Pods_TODO.framework */,
			);
			name = Frameworks;
			sourceTree = "<group>";
		};
/* End PBXGroup section */

/* Begin PBXNativeTarget section */
		B9920CB124B09E1500896341 /* TODO */ = {
			isa = PBXNativeTarget;
			buildConfigurationList = B9920CC624B09E1800896341 /* Build configuration list for PBXNativeTarget "TODO" */;
			buildPhases = (
				128ADB8F148BA2F722F07E2C /* [CP] Check Pods Manifest.lock */,
				B9920CAE24B09E1500896341 /* Sources */,
				B9920CAF24B09E1500896341 /* Frameworks */,
				B9920CB024B09E1500896341 /* Resources */,
				E7A347F85808C62CCE3A1B16 /* [CP] Embed Pods Frameworks */,
			);
			buildRules = (
			);
			dependencies = (
			);
			name = TODO;
			productName = TODO;
			productReference = B9920CB224B09E1500896341 /* TODO.app */;
			productType = "com.apple.product-type.application";
		};
/* End PBXNativeTarget section */

/* Begin PBXProject section */
		B9920CAA24B09E1500896341 /* Project object */ = {
			isa = PBXProject;
			attributes = {
				LastSwiftUpdateCheck = 1150;
				LastUpgradeCheck = 1150;
				ORGANIZATIONNAME = "Yvonne Xu";
				TargetAttributes = {
					B9920CB124B09E1500896341 = {
						CreatedOnToolsVersion = 11.5;
					};
				};
			};
			buildConfigurationList = B9920CAD24B09E1500896341 /* Build configuration list for PBXProject "TODO" */;
			compatibilityVersion = "Xcode 9.3";
			developmentRegion = en;
			hasScannedForEncodings = 0;
			knownRegions = (
				en,
				Base,
			);
			mainGroup = B9920CA924B09E1500896341;
			productRefGroup = B9920CB324B09E1500896341 /* Products */;
			projectDirPath = "";
			projectRoot = "";
			targets = (
				B9920CB124B09E1500896341 /* TODO */,
			);
		};
/* End PBXProject section */

/* Begin PBXResourcesBuildPhase section */
		B9920CB024B09E1500896341 /* Resources */ = {
			isa = PBXResourcesBuildPhase;
			buildActionMask = 2147483647;
			files = (
				B9920CC224B09E1800896341 /* LaunchScreen.storyboard in Resources */,
				B9920CBF24B09E1800896341 /* Assets.xcassets in Resources */,
				B9920CBD24B09E1500896341 /* Main.storyboard in Resources */,
			);
			runOnlyForDeploymentPostprocessing = 0;
		};
/* End PBXResourcesBuildPhase section */

/* Begin PBXShellScriptBuildPhase section */
		128ADB8F148BA2F722F07E2C /* [CP] Check Pods Manifest.lock */ = {
			isa = PBXShellScriptBuildPhase;
			buildActionMask = 2147483647;
			files = (
			);
			inputFileListPaths = (
			);
			inputPaths = (
				"${PODS_PODFILE_DIR_PATH}/Podfile.lock",
				"${PODS_ROOT}/Manifest.lock",
			);
			name = "[CP] Check Pods Manifest.lock";
			outputFileListPaths = (
			);
			outputPaths = (
				"$(DERIVED_FILE_DIR)/Pods-TODO-checkManifestLockResult.txt",
			);
			runOnlyForDeploymentPostprocessing = 0;
			shellPath = /bin/sh;
			shellScript = "diff \"${PODS_PODFILE_DIR_PATH}/Podfile.lock\" \"${PODS_ROOT}/Manifest.lock\" > /dev/null\nif [ $? != 0 ] ; then\n    # print error to STDERR\n    echo \"error: The sandbox is not in sync with the Podfile.lock. Run 'pod install' or update your CocoaPods installation.\" >&2\n    exit 1\nfi\n# This output is used by Xcode 'outputs' to avoid re-running this script phase.\necho \"SUCCESS\" > \"${SCRIPT_OUTPUT_FILE_0}\"\n";
			showEnvVarsInLog = 0;
		};
		E7A347F85808C62CCE3A1B16 /* [CP] Embed Pods Frameworks */ = {
			isa = PBXShellScriptBuildPhase;
			buildActionMask = 2147483647;
			files = (
			);
			inputFileListPaths = (
				"${PODS_ROOT}/Target Support Files/Pods-TODO/Pods-TODO-frameworks-${CONFIGURATION}-input-files.xcfilelist",
			);
			name = "[CP] Embed Pods Frameworks";
			outputFileListPaths = (
				"${PODS_ROOT}/Target Support Files/Pods-TODO/Pods-TODO-frameworks-${CONFIGURATION}-output-files.xcfilelist",
			);
			runOnlyForDeploymentPostprocessing = 0;
			shellPath = /bin/sh;
			shellScript = "\"${PODS_ROOT}/Target Support Files/Pods-TODO/Pods-TODO-frameworks.sh\"\n";
			showEnvVarsInLog = 0;
		};
/* End PBXShellScriptBuildPhase section */

/* Begin PBXSourcesBuildPhase section */
		B9920CAE24B09E1500896341 /* Sources */ = {
			isa = PBXSourcesBuildPhase;
			buildActionMask = 2147483647;
			files = (
				B9920CF824B8413600896341 /* CategoryViewController.swift in Sources */,
				B9920CBA24B09E1500896341 /* TodoListViewController.swift in Sources */,
				B9920CB624B09E1500896341 /* AppDelegate.swift in Sources */,
				B9920CFC24B8515100896341 /* Item.swift in Sources */,
				B9920CB824B09E1500896341 /* SceneDelegate.swift in Sources */,
				B9920CFE24B8515800896341 /* Category.swift in Sources */,
			);
			runOnlyForDeploymentPostprocessing = 0;
		};
/* End PBXSourcesBuildPhase section */

/* Begin PBXVariantGroup section */
		B9920CBB24B09E1500896341 /* Main.storyboard */ = {
			isa = PBXVariantGroup;
			children = (
				B9920CBC24B09E1500896341 /* Base */,
			);
			name = Main.storyboard;
			sourceTree = "<group>";
		};
		B9920CC024B09E1800896341 /* LaunchScreen.storyboard */ = {
			isa = PBXVariantGroup;
			children = (
				B9920CC124B09E1800896341 /* Base */,
			);
			name = LaunchScreen.storyboard;
			sourceTree = "<group>";
		};
/* End PBXVariantGroup section */

/* Begin XCBuildConfiguration section */
		B9920CC424B09E1800896341 /* Debug */ = {
			isa = XCBuildConfiguration;
			buildSettings = {
				ALWAYS_SEARCH_USER_PATHS = NO;
				CLANG_ANALYZER_NONNULL = YES;
				CLANG_ANALYZER_NUMBER_OBJECT_CONVERSION = YES_AGGRESSIVE;
				CLANG_CXX_LANGUAGE_STANDARD = "gnu++14";
				CLANG_CXX_LIBRARY = "libc++";
				CLANG_ENABLE_MODULES = YES;
				CLANG_ENABLE_OBJC_ARC = YES;
				CLANG_ENABLE_OBJC_WEAK = YES;
				CLANG_WARN_BLOCK_CAPTURE_AUTORELEASING = YES;
				CLANG_WARN_BOOL_CONVERSION = YES;
				CLANG_WARN_COMMA = YES;
				CLANG_WARN_CONSTANT_CONVERSION = YES;
				CLANG_WARN_DEPRECATED_OBJC_IMPLEMENTATIONS = YES;
				CLANG_WARN_DIRECT_OBJC_ISA_USAGE = YES_ERROR;
				CLANG_WARN_DOCUMENTATION_COMMENTS = YES;
				CLANG_WARN_EMPTY_BODY = YES;
				CLANG_WARN_ENUM_CONVERSION = YES;
				CLANG_WARN_INFINITE_RECURSION = YES;
				CLANG_WARN_INT_CONVERSION = YES;
				CLANG_WARN_NON_LITERAL_NULL_CONVERSION = YES;
				CLANG_WARN_OBJC_IMPLICIT_RETAIN_SELF = YES;
				CLANG_WARN_OBJC_LITERAL_CONVERSION = YES;
				CLANG_WARN_OBJC_ROOT_CLASS = YES_ERROR;
				CLANG_WARN_RANGE_LOOP_ANALYSIS = YES;
				CLANG_WARN_STRICT_PROTOTYPES = YES;
				CLANG_WARN_SUSPICIOUS_MOVE = YES;
				CLANG_WARN_UNGUARDED_AVAILABILITY = YES_AGGRESSIVE;
				CLANG_WARN_UNREACHABLE_CODE = YES;
				CLANG_WARN__DUPLICATE_METHOD_MATCH = YES;
				COPY_PHASE_STRIP = NO;
				DEBUG_INFORMATION_FORMAT = dwarf;
				ENABLE_STRICT_OBJC_MSGSEND = YES;
				ENABLE_TESTABILITY = YES;
				GCC_C_LANGUAGE_STANDARD = gnu11;
				GCC_DYNAMIC_NO_PIC = NO;
				GCC_NO_COMMON_BLOCKS = YES;
				GCC_OPTIMIZATION_LEVEL = 0;
				GCC_PREPROCESSOR_DEFINITIONS = (
					"DEBUG=1",
					"$(inherited)",
				);
				GCC_WARN_64_TO_32_BIT_CONVERSION = YES;
				GCC_WARN_ABOUT_RETURN_TYPE = YES_ERROR;
				GCC_WARN_UNDECLARED_SELECTOR = YES;
				GCC_WARN_UNINITIALIZED_AUTOS = YES_AGGRESSIVE;
				GCC_WARN_UNUSED_FUNCTION = YES;
				GCC_WARN_UNUSED_VARIABLE = YES;
				IPHONEOS_DEPLOYMENT_TARGET = 13.5;
				MTL_ENABLE_DEBUG_INFO = INCLUDE_SOURCE;
				MTL_FAST_MATH = YES;
				ONLY_ACTIVE_ARCH = YES;
				SDKROOT = iphoneos;
				SWIFT_ACTIVE_COMPILATION_CONDITIONS = DEBUG;
				SWIFT_OPTIMIZATION_LEVEL = "-Onone";
			};
			name = Debug;
		};
		B9920CC524B09E1800896341 /* Release */ = {
			isa = XCBuildConfiguration;
			buildSettings = {
				ALWAYS_SEARCH_USER_PATHS = NO;
				CLANG_ANALYZER_NONNULL = YES;
				CLANG_ANALYZER_NUMBER_OBJECT_CONVERSION = YES_AGGRESSIVE;
				CLANG_CXX_LANGUAGE_STANDARD = "gnu++14";
				CLANG_CXX_LIBRARY = "libc++";
				CLANG_ENABLE_MODULES = YES;
				CLANG_ENABLE_OBJC_ARC = YES;
				CLANG_ENABLE_OBJC_WEAK = YES;
				CLANG_WARN_BLOCK_CAPTURE_AUTORELEASING = YES;
				CLANG_WARN_BOOL_CONVERSION = YES;
				CLANG_WARN_COMMA = YES;
				CLANG_WARN_CONSTANT_CONVERSION = YES;
				CLANG_WARN_DEPRECATED_OBJC_IMPLEMENTATIONS = YES;
				CLANG_WARN_DIRECT_OBJC_ISA_USAGE = YES_ERROR;
				CLANG_WARN_DOCUMENTATION_COMMENTS = YES;
				CLANG_WARN_EMPTY_BODY = YES;
				CLANG_WARN_ENUM_CONVERSION = YES;
				CLANG_WARN_INFINITE_RECURSION = YES;
				CLANG_WARN_INT_CONVERSION = YES;
				CLANG_WARN_NON_LITERAL_NULL_CONVERSION = YES;
				CLANG_WARN_OBJC_IMPLICIT_RETAIN_SELF = YES;
				CLANG_WARN_OBJC_LITERAL_CONVERSION = YES;
				CLANG_WARN_OBJC_ROOT_CLASS = YES_ERROR;
				CLANG_WARN_RANGE_LOOP_ANALYSIS = YES;
				CLANG_WARN_STRICT_PROTOTYPES = YES;
				CLANG_WARN_SUSPICIOUS_MOVE = YES;
				CLANG_WARN_UNGUARDED_AVAILABILITY = YES_AGGRESSIVE;
				CLANG_WARN_UNREACHABLE_CODE = YES;
				CLANG_WARN__DUPLICATE_METHOD_MATCH = YES;
				COPY_PHASE_STRIP = NO;
				DEBUG_INFORMATION_FORMAT = "dwarf-with-dsym";
				ENABLE_NS_ASSERTIONS = NO;
				ENABLE_STRICT_OBJC_MSGSEND = YES;
				GCC_C_LANGUAGE_STANDARD = gnu11;
				GCC_NO_COMMON_BLOCKS = YES;
				GCC_WARN_64_TO_32_BIT_CONVERSION = YES;
				GCC_WARN_ABOUT_RETURN_TYPE = YES_ERROR;
				GCC_WARN_UNDECLARED_SELECTOR = YES;
				GCC_WARN_UNINITIALIZED_AUTOS = YES_AGGRESSIVE;
				GCC_WARN_UNUSED_FUNCTION = YES;
				GCC_WARN_UNUSED_VARIABLE = YES;
				IPHONEOS_DEPLOYMENT_TARGET = 13.5;
				MTL_ENABLE_DEBUG_INFO = NO;
				MTL_FAST_MATH = YES;
				SDKROOT = iphoneos;
				SWIFT_COMPILATION_MODE = wholemodule;
				SWIFT_OPTIMIZATION_LEVEL = "-O";
				VALIDATE_PRODUCT = YES;
			};
			name = Release;
		};
		B9920CC724B09E1800896341 /* Debug */ = {
			isa = XCBuildConfiguration;
			baseConfigurationReference = F2FB35B3AA4A70A0A7679A65 /* Pods-TODO.debug.xcconfig */;
			buildSettings = {
				ASSETCATALOG_COMPILER_APPICON_NAME = AppIcon;
				CODE_SIGN_STYLE = Automatic;
				INFOPLIST_FILE = TODO/Info.plist;
				LD_RUNPATH_SEARCH_PATHS = (
					"$(inherited)",
					"@executable_path/Frameworks",
				);
				PRODUCT_BUNDLE_IDENTIFIER = com.yvonnexu.TODO;
				PRODUCT_NAME = "$(TARGET_NAME)";
				SWIFT_VERSION = 5.0;
				TARGETED_DEVICE_FAMILY = "1,2";
			};
			name = Debug;
		};
		B9920CC824B09E1800896341 /* Release */ = {
			isa = XCBuildConfiguration;
			baseConfigurationReference = 028B9F8253B342C4E53A673A /* Pods-TODO.release.xcconfig */;
			buildSettings = {
				ASSETCATALOG_COMPILER_APPICON_NAME = AppIcon;
				CODE_SIGN_STYLE = Automatic;
				INFOPLIST_FILE = TODO/Info.plist;
				LD_RUNPATH_SEARCH_PATHS = (
					"$(inherited)",
					"@executable_path/Frameworks",
				);
				PRODUCT_BUNDLE_IDENTIFIER = com.yvonnexu.TODO;
				PRODUCT_NAME = "$(TARGET_NAME)";
				SWIFT_VERSION = 5.0;
				TARGETED_DEVICE_FAMILY = "1,2";
			};
			name = Release;
		};
/* End XCBuildConfiguration section */

/* Begin XCConfigurationList section */
		B9920CAD24B09E1500896341 /* Build configuration list for PBXProject "TODO" */ = {
			isa = XCConfigurationList;
			buildConfigurations = (
				B9920CC424B09E1800896341 /* Debug */,
				B9920CC524B09E1800896341 /* Release */,
			);
			defaultConfigurationIsVisible = 0;
			defaultConfigurationName = Release;
		};
		B9920CC624B09E1800896341 /* Build configuration list for PBXNativeTarget "TODO" */ = {
			isa = XCConfigurationList;
			buildConfigurations = (
				B9920CC724B09E1800896341 /* Debug */,
				B9920CC824B09E1800896341 /* Release */,
			);
			defaultConfigurationIsVisible = 0;
			defaultConfigurationName = Release;
		};
/* End XCConfigurationList section */
	};
	rootObject = B9920CAA24B09E1500896341 /* Project object */;
}
